
Microsoft Visual Studio Solution File, Format Version 12.00
# Visual Studio Version 16
VisualStudioVersion = 16.0.31829.152
MinimumVisualStudioVersion = 10.0.40219.1
Project("{FAE04EC0-301F-11D3-BF4B-00C04F79EFBC}") = "appli_console", "appli_console\appli_console.csproj", "{75606FEA-F904-4915-BD36-6B1AB221ADCE}"
EndProject
Global
	GlobalSection(SolutionConfigurationPlatforms) = preSolution
		Debug|Any CPU = Debug|Any CPU
		Release|Any CPU = Release|Any CPU
	EndGlobalSection
	GlobalSection(ProjectConfigurationPlatforms) = postSolution
		{75606FEA-F904-4915-BD36-6B1AB221ADCE}.Debug|Any CPU.ActiveCfg = Debug|Any CPU
		{75606FEA-F904-4915-BD36-6B1AB221ADCE}.Debug|Any CPU.Build.0 = Debug|Any CPU
		{75606FEA-F904-4915-BD36-6B1AB221ADCE}.Release|Any CPU.ActiveCfg = Release|Any CPU
		{75606FEA-F904-4915-BD36-6B1AB221ADCE}.Release|Any CPU.Build.0 = Release|Any CPU
	EndGlobalSection
	GlobalSection(SolutionProperties) = preSolution
		HideSolutionNode = FALSE
	EndGlobalSection
	GlobalSection(ExtensibilityGlobals) = postSolution
		SolutionGuid = {ED3DE72E-40AB-4E25-A497-EB6EB062A788}
	EndGlobalSection
EndGlobal
